// !$*UTF8*$!
{
	archiveVersion = 1;
	classes = {
	};
	objectVersion = 46;
	objects = {

/* Begin PBXBuildFile section */
		1032263ACF7BEB71F8AA3756 /* Pods_Kids2Kids.framework in Frameworks */ = {isa = PBXBuildFile; fileRef = FAC6DAF304405BE7A84C0D06 /* Pods_Kids2Kids.framework */; };
		A26BE444079FE02924EA6E88 /* Pods_Kids2KidsTests.framework in Frameworks */ = {isa = PBXBuildFile; fileRef = 373316AF46FAB58B87F62C3E /* Pods_Kids2KidsTests.framework */; };
		AA6C4FE7BDA8F3505B57C892 /* Pods_Kids2KidsUITests.framework in Frameworks */ = {isa = PBXBuildFile; fileRef = 5C4309FE34BC69692954969C /* Pods_Kids2KidsUITests.framework */; };
		D20562CF1F2253C2001B527B /* Co Text Corp.ttf in Resources */ = {isa = PBXBuildFile; fileRef = D20562CE1F2253C2001B527B /* Co Text Corp.ttf */; };
		D20F59E61F2210F700A47E8E /* ProjectsTableViewController.swift in Sources */ = {isa = PBXBuildFile; fileRef = D20F59E51F2210F700A47E8E /* ProjectsTableViewController.swift */; };
		D20F59E81F22113500A47E8E /* ProjectTableViewCell.swift in Sources */ = {isa = PBXBuildFile; fileRef = D20F59E71F22113500A47E8E /* ProjectTableViewCell.swift */; };
		D20F59EA1F22116900A47E8E /* ProjectDetailsViewController.swift in Sources */ = {isa = PBXBuildFile; fileRef = D20F59E91F22116900A47E8E /* ProjectDetailsViewController.swift */; };
		D20F59EC1F2211D300A47E8E /* Project.swift in Sources */ = {isa = PBXBuildFile; fileRef = D20F59EB1F2211D300A47E8E /* Project.swift */; };
		D21942B01F2B548500A86844 /* Roboto.ttf in Resources */ = {isa = PBXBuildFile; fileRef = D21942AF1F2B548500A86844 /* Roboto.ttf */; };
		D22331581F264D8000E90EE6 /* EventsTableViewController.swift in Sources */ = {isa = PBXBuildFile; fileRef = D22331571F264D8000E90EE6 /* EventsTableViewController.swift */; };
		D223315A1F27365A00E90EE6 /* EventTableViewCell.swift in Sources */ = {isa = PBXBuildFile; fileRef = D22331591F27365A00E90EE6 /* EventTableViewCell.swift */; };
		D223315E1F28FB0A00E90EE6 /* EventDetailsViewController.swift in Sources */ = {isa = PBXBuildFile; fileRef = D223315D1F28FB0A00E90EE6 /* EventDetailsViewController.swift */; };
		D22331621F2B2D2100E90EE6 /* CustomColors.swift in Sources */ = {isa = PBXBuildFile; fileRef = D22331611F2B2D2100E90EE6 /* CustomColors.swift */; };
		D25A6C7F1F1E8FE4005FAD33 /* AppDelegate.swift in Sources */ = {isa = PBXBuildFile; fileRef = D25A6C7E1F1E8FE4005FAD33 /* AppDelegate.swift */; };
		D25A6C841F1E8FE4005FAD33 /* Main.storyboard in Resources */ = {isa = PBXBuildFile; fileRef = D25A6C821F1E8FE4005FAD33 /* Main.storyboard */; };
		D25A6C861F1E8FE4005FAD33 /* Assets.xcassets in Resources */ = {isa = PBXBuildFile; fileRef = D25A6C851F1E8FE4005FAD33 /* Assets.xcassets */; };
		D25A6C891F1E8FE4005FAD33 /* LaunchScreen.storyboard in Resources */ = {isa = PBXBuildFile; fileRef = D25A6C871F1E8FE4005FAD33 /* LaunchScreen.storyboard */; };
		D25A6C941F1E8FE4005FAD33 /* Kids2KidsTests.swift in Sources */ = {isa = PBXBuildFile; fileRef = D25A6C931F1E8FE4005FAD33 /* Kids2KidsTests.swift */; };
		D25A6C9F1F1E8FE4005FAD33 /* Kids2KidsUITests.swift in Sources */ = {isa = PBXBuildFile; fileRef = D25A6C9E1F1E8FE4005FAD33 /* Kids2KidsUITests.swift */; };
		D25A6CAD1F1E925C005FAD33 /* LoginStoryboard.storyboard in Resources */ = {isa = PBXBuildFile; fileRef = D25A6CAC1F1E925C005FAD33 /* LoginStoryboard.storyboard */; };
		D25A6CAF1F1E926F005FAD33 /* LoginViewController.swift in Sources */ = {isa = PBXBuildFile; fileRef = D25A6CAE1F1E926F005FAD33 /* LoginViewController.swift */; };
		D25A6CB11F1E927E005FAD33 /* SignupViewController.swift in Sources */ = {isa = PBXBuildFile; fileRef = D25A6CB01F1E927E005FAD33 /* SignupViewController.swift */; };
		D25A6CB91F1EA680005FAD33 /* ContactsViewController.swift in Sources */ = {isa = PBXBuildFile; fileRef = D25A6CB81F1EA680005FAD33 /* ContactsViewController.swift */; };
/* End PBXBuildFile section */

/* Begin PBXContainerItemProxy section */
		D25A6C901F1E8FE4005FAD33 /* PBXContainerItemProxy */ = {
			isa = PBXContainerItemProxy;
			containerPortal = D25A6C731F1E8FE4005FAD33 /* Project object */;
			proxyType = 1;
			remoteGlobalIDString = D25A6C7A1F1E8FE4005FAD33;
			remoteInfo = Kids2Kids;
		};
		D25A6C9B1F1E8FE4005FAD33 /* PBXContainerItemProxy */ = {
			isa = PBXContainerItemProxy;
			containerPortal = D25A6C731F1E8FE4005FAD33 /* Project object */;
			proxyType = 1;
			remoteGlobalIDString = D25A6C7A1F1E8FE4005FAD33;
			remoteInfo = Kids2Kids;
		};
/* End PBXContainerItemProxy section */

/* Begin PBXFileReference section */
		102EA5CB0243041551B0B56D /* Pods-Kids2KidsUITests.release.xcconfig */ = {isa = PBXFileReference; includeInIndex = 1; lastKnownFileType = text.xcconfig; name = "Pods-Kids2KidsUITests.release.xcconfig"; path = "Pods/Target Support Files/Pods-Kids2KidsUITests/Pods-Kids2KidsUITests.release.xcconfig"; sourceTree = "<group>"; };
		373316AF46FAB58B87F62C3E /* Pods_Kids2KidsTests.framework */ = {isa = PBXFileReference; explicitFileType = wrapper.framework; includeInIndex = 0; path = Pods_Kids2KidsTests.framework; sourceTree = BUILT_PRODUCTS_DIR; };
		5C4309FE34BC69692954969C /* Pods_Kids2KidsUITests.framework */ = {isa = PBXFileReference; explicitFileType = wrapper.framework; includeInIndex = 0; path = Pods_Kids2KidsUITests.framework; sourceTree = BUILT_PRODUCTS_DIR; };
		5F3D22DF3B80C3AD14B64E8F /* Pods-Kids2KidsUITests.debug.xcconfig */ = {isa = PBXFileReference; includeInIndex = 1; lastKnownFileType = text.xcconfig; name = "Pods-Kids2KidsUITests.debug.xcconfig"; path = "Pods/Target Support Files/Pods-Kids2KidsUITests/Pods-Kids2KidsUITests.debug.xcconfig"; sourceTree = "<group>"; };
		7C699D6A023E96F1B235A20E /* Pods-Kids2Kids.release.xcconfig */ = {isa = PBXFileReference; includeInIndex = 1; lastKnownFileType = text.xcconfig; name = "Pods-Kids2Kids.release.xcconfig"; path = "Pods/Target Support Files/Pods-Kids2Kids/Pods-Kids2Kids.release.xcconfig"; sourceTree = "<group>"; };
		8FEC437DE14BF0C65777E5C1 /* Pods-Kids2KidsTests.release.xcconfig */ = {isa = PBXFileReference; includeInIndex = 1; lastKnownFileType = text.xcconfig; name = "Pods-Kids2KidsTests.release.xcconfig"; path = "Pods/Target Support Files/Pods-Kids2KidsTests/Pods-Kids2KidsTests.release.xcconfig"; sourceTree = "<group>"; };
		D20562CE1F2253C2001B527B /* Co Text Corp.ttf */ = {isa = PBXFileReference; lastKnownFileType = file; path = "Co Text Corp.ttf"; sourceTree = "<group>"; };
		D20F59E51F2210F700A47E8E /* ProjectsTableViewController.swift */ = {isa = PBXFileReference; fileEncoding = 4; lastKnownFileType = sourcecode.swift; path = ProjectsTableViewController.swift; sourceTree = "<group>"; };
		D20F59E71F22113500A47E8E /* ProjectTableViewCell.swift */ = {isa = PBXFileReference; fileEncoding = 4; lastKnownFileType = sourcecode.swift; path = ProjectTableViewCell.swift; sourceTree = "<group>"; };
		D20F59E91F22116900A47E8E /* ProjectDetailsViewController.swift */ = {isa = PBXFileReference; fileEncoding = 4; lastKnownFileType = sourcecode.swift; path = ProjectDetailsViewController.swift; sourceTree = "<group>"; };
		D20F59EB1F2211D300A47E8E /* Project.swift */ = {isa = PBXFileReference; fileEncoding = 4; lastKnownFileType = sourcecode.swift; path = Project.swift; sourceTree = "<group>"; };
		D21942AF1F2B548500A86844 /* Roboto.ttf */ = {isa = PBXFileReference; lastKnownFileType = file; path = Roboto.ttf; sourceTree = "<group>"; };
		D22331571F264D8000E90EE6 /* EventsTableViewController.swift */ = {isa = PBXFileReference; fileEncoding = 4; lastKnownFileType = sourcecode.swift; path = EventsTableViewController.swift; sourceTree = "<group>"; };
		D22331591F27365A00E90EE6 /* EventTableViewCell.swift */ = {isa = PBXFileReference; fileEncoding = 4; lastKnownFileType = sourcecode.swift; path = EventTableViewCell.swift; sourceTree = "<group>"; };
		D223315D1F28FB0A00E90EE6 /* EventDetailsViewController.swift */ = {isa = PBXFileReference; fileEncoding = 4; lastKnownFileType = sourcecode.swift; path = EventDetailsViewController.swift; sourceTree = "<group>"; };
		D22331611F2B2D2100E90EE6 /* CustomColors.swift */ = {isa = PBXFileReference; fileEncoding = 4; lastKnownFileType = sourcecode.swift; path = CustomColors.swift; sourceTree = "<group>"; };
		D25A6C7B1F1E8FE4005FAD33 /* Kids2Kids.app */ = {isa = PBXFileReference; explicitFileType = wrapper.application; includeInIndex = 0; path = Kids2Kids.app; sourceTree = BUILT_PRODUCTS_DIR; };
		D25A6C7E1F1E8FE4005FAD33 /* AppDelegate.swift */ = {isa = PBXFileReference; lastKnownFileType = sourcecode.swift; path = AppDelegate.swift; sourceTree = "<group>"; };
		D25A6C831F1E8FE4005FAD33 /* Base */ = {isa = PBXFileReference; lastKnownFileType = file.storyboard; name = Base; path = Base.lproj/Main.storyboard; sourceTree = "<group>"; };
		D25A6C851F1E8FE4005FAD33 /* Assets.xcassets */ = {isa = PBXFileReference; lastKnownFileType = folder.assetcatalog; path = Assets.xcassets; sourceTree = "<group>"; };
		D25A6C881F1E8FE4005FAD33 /* Base */ = {isa = PBXFileReference; lastKnownFileType = file.storyboard; name = Base; path = Base.lproj/LaunchScreen.storyboard; sourceTree = "<group>"; };
		D25A6C8A1F1E8FE4005FAD33 /* Info.plist */ = {isa = PBXFileReference; lastKnownFileType = text.plist.xml; path = Info.plist; sourceTree = "<group>"; };
		D25A6C8F1F1E8FE4005FAD33 /* Kids2KidsTests.xctest */ = {isa = PBXFileReference; explicitFileType = wrapper.cfbundle; includeInIndex = 0; path = Kids2KidsTests.xctest; sourceTree = BUILT_PRODUCTS_DIR; };
		D25A6C931F1E8FE4005FAD33 /* Kids2KidsTests.swift */ = {isa = PBXFileReference; lastKnownFileType = sourcecode.swift; path = Kids2KidsTests.swift; sourceTree = "<group>"; };
		D25A6C951F1E8FE4005FAD33 /* Info.plist */ = {isa = PBXFileReference; lastKnownFileType = text.plist.xml; path = Info.plist; sourceTree = "<group>"; };
		D25A6C9A1F1E8FE4005FAD33 /* Kids2KidsUITests.xctest */ = {isa = PBXFileReference; explicitFileType = wrapper.cfbundle; includeInIndex = 0; path = Kids2KidsUITests.xctest; sourceTree = BUILT_PRODUCTS_DIR; };
		D25A6C9E1F1E8FE4005FAD33 /* Kids2KidsUITests.swift */ = {isa = PBXFileReference; lastKnownFileType = sourcecode.swift; path = Kids2KidsUITests.swift; sourceTree = "<group>"; };
		D25A6CA01F1E8FE4005FAD33 /* Info.plist */ = {isa = PBXFileReference; lastKnownFileType = text.plist.xml; path = Info.plist; sourceTree = "<group>"; };
		D25A6CAC1F1E925C005FAD33 /* LoginStoryboard.storyboard */ = {isa = PBXFileReference; fileEncoding = 4; lastKnownFileType = file.storyboard; path = LoginStoryboard.storyboard; sourceTree = "<group>"; };
		D25A6CAE1F1E926F005FAD33 /* LoginViewController.swift */ = {isa = PBXFileReference; fileEncoding = 4; lastKnownFileType = sourcecode.swift; path = LoginViewController.swift; sourceTree = "<group>"; };
		D25A6CB01F1E927E005FAD33 /* SignupViewController.swift */ = {isa = PBXFileReference; fileEncoding = 4; lastKnownFileType = sourcecode.swift; path = SignupViewController.swift; sourceTree = "<group>"; };
		D25A6CB81F1EA680005FAD33 /* ContactsViewController.swift */ = {isa = PBXFileReference; fileEncoding = 4; lastKnownFileType = sourcecode.swift; path = ContactsViewController.swift; sourceTree = "<group>"; };
		E54B3BBD717D5AD5EE9DBAAA /* Pods-Kids2Kids.debug.xcconfig */ = {isa = PBXFileReference; includeInIndex = 1; lastKnownFileType = text.xcconfig; name = "Pods-Kids2Kids.debug.xcconfig"; path = "Pods/Target Support Files/Pods-Kids2Kids/Pods-Kids2Kids.debug.xcconfig"; sourceTree = "<group>"; };
		E6A70C77DE9D00E2ED141E2B /* Pods-Kids2KidsTests.debug.xcconfig */ = {isa = PBXFileReference; includeInIndex = 1; lastKnownFileType = text.xcconfig; name = "Pods-Kids2KidsTests.debug.xcconfig"; path = "Pods/Target Support Files/Pods-Kids2KidsTests/Pods-Kids2KidsTests.debug.xcconfig"; sourceTree = "<group>"; };
		FAC6DAF304405BE7A84C0D06 /* Pods_Kids2Kids.framework */ = {isa = PBXFileReference; explicitFileType = wrapper.framework; includeInIndex = 0; path = Pods_Kids2Kids.framework; sourceTree = BUILT_PRODUCTS_DIR; };
/* End PBXFileReference section */

/* Begin PBXFrameworksBuildPhase section */
		D25A6C781F1E8FE4005FAD33 /* Frameworks */ = {
			isa = PBXFrameworksBuildPhase;
			buildActionMask = 2147483647;
			files = (
				1032263ACF7BEB71F8AA3756 /* Pods_Kids2Kids.framework in Frameworks */,
			);
			runOnlyForDeploymentPostprocessing = 0;
		};
		D25A6C8C1F1E8FE4005FAD33 /* Frameworks */ = {
			isa = PBXFrameworksBuildPhase;
			buildActionMask = 2147483647;
			files = (
				A26BE444079FE02924EA6E88 /* Pods_Kids2KidsTests.framework in Frameworks */,
			);
			runOnlyForDeploymentPostprocessing = 0;
		};
		D25A6C971F1E8FE4005FAD33 /* Frameworks */ = {
			isa = PBXFrameworksBuildPhase;
			buildActionMask = 2147483647;
			files = (
				AA6C4FE7BDA8F3505B57C892 /* Pods_Kids2KidsUITests.framework in Frameworks */,
			);
			runOnlyForDeploymentPostprocessing = 0;
		};
/* End PBXFrameworksBuildPhase section */

/* Begin PBXGroup section */
		491B9037D852DC34E08345C4 /* Frameworks */ = {
			isa = PBXGroup;
			children = (
				FAC6DAF304405BE7A84C0D06 /* Pods_Kids2Kids.framework */,
				373316AF46FAB58B87F62C3E /* Pods_Kids2KidsTests.framework */,
				5C4309FE34BC69692954969C /* Pods_Kids2KidsUITests.framework */,
			);
			name = Frameworks;
			sourceTree = "<group>";
		};
		A61825AAA52433B608A1C9B4 /* Pods */ = {
			isa = PBXGroup;
			children = (
				E54B3BBD717D5AD5EE9DBAAA /* Pods-Kids2Kids.debug.xcconfig */,
				7C699D6A023E96F1B235A20E /* Pods-Kids2Kids.release.xcconfig */,
				E6A70C77DE9D00E2ED141E2B /* Pods-Kids2KidsTests.debug.xcconfig */,
				8FEC437DE14BF0C65777E5C1 /* Pods-Kids2KidsTests.release.xcconfig */,
				5F3D22DF3B80C3AD14B64E8F /* Pods-Kids2KidsUITests.debug.xcconfig */,
				102EA5CB0243041551B0B56D /* Pods-Kids2KidsUITests.release.xcconfig */,
			);
			name = Pods;
			sourceTree = "<group>";
		};
		D20562CD1F2253AE001B527B /* Fonts */ = {
			isa = PBXGroup;
			children = (
				D20562CE1F2253C2001B527B /* Co Text Corp.ttf */,
				D21942AF1F2B548500A86844 /* Roboto.ttf */,
			);
			name = Fonts;
			sourceTree = "<group>";
		};
		D20F59ED1F2212D600A47E8E /* Models */ = {
			isa = PBXGroup;
			children = (
				D20F59EB1F2211D300A47E8E /* Project.swift */,
			);
			name = Models;
			sourceTree = "<group>";
		};
		D20F59EE1F2212EE00A47E8E /* Cells */ = {
			isa = PBXGroup;
			children = (
				D20F59E71F22113500A47E8E /* ProjectTableViewCell.swift */,
				D22331591F27365A00E90EE6 /* EventTableViewCell.swift */,
			);
			name = Cells;
			sourceTree = "<group>";
		};
		D20F59EF1F22130D00A47E8E /* Controllers */ = {
			isa = PBXGroup;
			children = (
				D20F59E51F2210F700A47E8E /* ProjectsTableViewController.swift */,
				D20F59E91F22116900A47E8E /* ProjectDetailsViewController.swift */,
				D22331571F264D8000E90EE6 /* EventsTableViewController.swift */,
				D223315D1F28FB0A00E90EE6 /* EventDetailsViewController.swift */,
				D25A6CB81F1EA680005FAD33 /* ContactsViewController.swift */,
			);
			name = Controllers;
			sourceTree = "<group>";
		};
		D25A6C721F1E8FE4005FAD33 = {
			isa = PBXGroup;
			children = (
				D25A6C7D1F1E8FE4005FAD33 /* Kids2Kids */,
				D25A6C921F1E8FE4005FAD33 /* Kids2KidsTests */,
				D25A6C9D1F1E8FE4005FAD33 /* Kids2KidsUITests */,
				D25A6C7C1F1E8FE4005FAD33 /* Products */,
				A61825AAA52433B608A1C9B4 /* Pods */,
				491B9037D852DC34E08345C4 /* Frameworks */,
			);
			sourceTree = "<group>";
		};
		D25A6C7C1F1E8FE4005FAD33 /* Products */ = {
			isa = PBXGroup;
			children = (
				D25A6C7B1F1E8FE4005FAD33 /* Kids2Kids.app */,
				D25A6C8F1F1E8FE4005FAD33 /* Kids2KidsTests.xctest */,
				D25A6C9A1F1E8FE4005FAD33 /* Kids2KidsUITests.xctest */,
			);
			name = Products;
			sourceTree = "<group>";
		};
		D25A6C7D1F1E8FE4005FAD33 /* Kids2Kids */ = {
			isa = PBXGroup;
			children = (
				D25A6C7E1F1E8FE4005FAD33 /* AppDelegate.swift */,
				D25A6C821F1E8FE4005FAD33 /* Main.storyboard */,
				D22331611F2B2D2100E90EE6 /* CustomColors.swift */,
				D20F59EF1F22130D00A47E8E /* Controllers */,
				D20F59EE1F2212EE00A47E8E /* Cells */,
				D20F59ED1F2212D600A47E8E /* Models */,
				D25A6CAC1F1E925C005FAD33 /* LoginStoryboard.storyboard */,
				D25A6CB01F1E927E005FAD33 /* SignupViewController.swift */,
				D25A6CAE1F1E926F005FAD33 /* LoginViewController.swift */,
				D25A6C851F1E8FE4005FAD33 /* Assets.xcassets */,
				D20562CD1F2253AE001B527B /* Fonts */,
				D25A6C871F1E8FE4005FAD33 /* LaunchScreen.storyboard */,
				D25A6C8A1F1E8FE4005FAD33 /* Info.plist */,
			);
			path = Kids2Kids;
			sourceTree = "<group>";
		};
		D25A6C921F1E8FE4005FAD33 /* Kids2KidsTests */ = {
			isa = PBXGroup;
			children = (
				D25A6C931F1E8FE4005FAD33 /* Kids2KidsTests.swift */,
				D25A6C951F1E8FE4005FAD33 /* Info.plist */,
			);
			path = Kids2KidsTests;
			sourceTree = "<group>";
		};
		D25A6C9D1F1E8FE4005FAD33 /* Kids2KidsUITests */ = {
			isa = PBXGroup;
			children = (
				D25A6C9E1F1E8FE4005FAD33 /* Kids2KidsUITests.swift */,
				D25A6CA01F1E8FE4005FAD33 /* Info.plist */,
			);
			path = Kids2KidsUITests;
			sourceTree = "<group>";
		};
/* End PBXGroup section */

/* Begin PBXNativeTarget section */
		D25A6C7A1F1E8FE4005FAD33 /* Kids2Kids */ = {
			isa = PBXNativeTarget;
			buildConfigurationList = D25A6CA31F1E8FE4005FAD33 /* Build configuration list for PBXNativeTarget "Kids2Kids" */;
			buildPhases = (
				6E52ED65723FF681A9C0130C /* [CP] Check Pods Manifest.lock */,
				D25A6C771F1E8FE4005FAD33 /* Sources */,
				D25A6C781F1E8FE4005FAD33 /* Frameworks */,
				D25A6C791F1E8FE4005FAD33 /* Resources */,
				9EA15ADDCD9FF162C578AA72 /* [CP] Embed Pods Frameworks */,
				A93FE33F6F4D286B3587F287 /* [CP] Copy Pods Resources */,
			);
			buildRules = (
			);
			dependencies = (
			);
			name = Kids2Kids;
			productName = Kids2Kids;
			productReference = D25A6C7B1F1E8FE4005FAD33 /* Kids2Kids.app */;
			productType = "com.apple.product-type.application";
		};
		D25A6C8E1F1E8FE4005FAD33 /* Kids2KidsTests */ = {
			isa = PBXNativeTarget;
			buildConfigurationList = D25A6CA61F1E8FE4005FAD33 /* Build configuration list for PBXNativeTarget "Kids2KidsTests" */;
			buildPhases = (
				807FA36FE5A02CE3A4C136D3 /* [CP] Check Pods Manifest.lock */,
				D25A6C8B1F1E8FE4005FAD33 /* Sources */,
				D25A6C8C1F1E8FE4005FAD33 /* Frameworks */,
				D25A6C8D1F1E8FE4005FAD33 /* Resources */,
				9B20A7BC6529935AB0EB13C6 /* [CP] Embed Pods Frameworks */,
				396B6DDFE71073A32F1C5786 /* [CP] Copy Pods Resources */,
			);
			buildRules = (
			);
			dependencies = (
				D25A6C911F1E8FE4005FAD33 /* PBXTargetDependency */,
			);
			name = Kids2KidsTests;
			productName = Kids2KidsTests;
			productReference = D25A6C8F1F1E8FE4005FAD33 /* Kids2KidsTests.xctest */;
			productType = "com.apple.product-type.bundle.unit-test";
		};
		D25A6C991F1E8FE4005FAD33 /* Kids2KidsUITests */ = {
			isa = PBXNativeTarget;
			buildConfigurationList = D25A6CA91F1E8FE4005FAD33 /* Build configuration list for PBXNativeTarget "Kids2KidsUITests" */;
			buildPhases = (
				1A10563C15677CA83E9ACC84 /* [CP] Check Pods Manifest.lock */,
				D25A6C961F1E8FE4005FAD33 /* Sources */,
				D25A6C971F1E8FE4005FAD33 /* Frameworks */,
				D25A6C981F1E8FE4005FAD33 /* Resources */,
				7269D8D9435EE8EFBBE899EA /* [CP] Embed Pods Frameworks */,
				806D269B17E2F0F9196D4B11 /* [CP] Copy Pods Resources */,
			);
			buildRules = (
			);
			dependencies = (
				D25A6C9C1F1E8FE4005FAD33 /* PBXTargetDependency */,
			);
			name = Kids2KidsUITests;
			productName = Kids2KidsUITests;
			productReference = D25A6C9A1F1E8FE4005FAD33 /* Kids2KidsUITests.xctest */;
			productType = "com.apple.product-type.bundle.ui-testing";
		};
/* End PBXNativeTarget section */

/* Begin PBXProject section */
		D25A6C731F1E8FE4005FAD33 /* Project object */ = {
			isa = PBXProject;
			attributes = {
				LastSwiftUpdateCheck = 0830;
				LastUpgradeCheck = 0830;
				ORGANIZATIONNAME = "Oleksii Liubarets";
				TargetAttributes = {
					D25A6C7A1F1E8FE4005FAD33 = {
						CreatedOnToolsVersion = 8.3.3;
						DevelopmentTeam = 9QQKN39F5V;
						ProvisioningStyle = Automatic;
					};
					D25A6C8E1F1E8FE4005FAD33 = {
						CreatedOnToolsVersion = 8.3.3;
						DevelopmentTeam = 9QQKN39F5V;
						ProvisioningStyle = Automatic;
						TestTargetID = D25A6C7A1F1E8FE4005FAD33;
					};
					D25A6C991F1E8FE4005FAD33 = {
						CreatedOnToolsVersion = 8.3.3;
						DevelopmentTeam = 9QQKN39F5V;
						ProvisioningStyle = Automatic;
						TestTargetID = D25A6C7A1F1E8FE4005FAD33;
					};
				};
			};
			buildConfigurationList = D25A6C761F1E8FE4005FAD33 /* Build configuration list for PBXProject "Kids2Kids" */;
			compatibilityVersion = "Xcode 3.2";
			developmentRegion = English;
			hasScannedForEncodings = 0;
			knownRegions = (
				en,
				Base,
			);
			mainGroup = D25A6C721F1E8FE4005FAD33;
			productRefGroup = D25A6C7C1F1E8FE4005FAD33 /* Products */;
			projectDirPath = "";
			projectRoot = "";
			targets = (
				D25A6C7A1F1E8FE4005FAD33 /* Kids2Kids */,
				D25A6C8E1F1E8FE4005FAD33 /* Kids2KidsTests */,
				D25A6C991F1E8FE4005FAD33 /* Kids2KidsUITests */,
			);
		};
/* End PBXProject section */

/* Begin PBXResourcesBuildPhase section */
		D25A6C791F1E8FE4005FAD33 /* Resources */ = {
			isa = PBXResourcesBuildPhase;
			buildActionMask = 2147483647;
			files = (
				D21942B01F2B548500A86844 /* Roboto.ttf in Resources */,
				D25A6C891F1E8FE4005FAD33 /* LaunchScreen.storyboard in Resources */,
				D25A6C861F1E8FE4005FAD33 /* Assets.xcassets in Resources */,
				D25A6C841F1E8FE4005FAD33 /* Main.storyboard in Resources */,
				D25A6CAD1F1E925C005FAD33 /* LoginStoryboard.storyboard in Resources */,
				D20562CF1F2253C2001B527B /* Co Text Corp.ttf in Resources */,
			);
			runOnlyForDeploymentPostprocessing = 0;
		};
		D25A6C8D1F1E8FE4005FAD33 /* Resources */ = {
			isa = PBXResourcesBuildPhase;
			buildActionMask = 2147483647;
			files = (
			);
			runOnlyForDeploymentPostprocessing = 0;
		};
		D25A6C981F1E8FE4005FAD33 /* Resources */ = {
			isa = PBXResourcesBuildPhase;
			buildActionMask = 2147483647;
			files = (
			);
			runOnlyForDeploymentPostprocessing = 0;
		};
/* End PBXResourcesBuildPhase section */

/* Begin PBXShellScriptBuildPhase section */
		1A10563C15677CA83E9ACC84 /* [CP] Check Pods Manifest.lock */ = {
			isa = PBXShellScriptBuildPhase;
			buildActionMask = 2147483647;
			files = (
			);
			inputPaths = (
			);
			name = "[CP] Check Pods Manifest.lock";
			outputPaths = (
			);
			runOnlyForDeploymentPostprocessing = 0;
			shellPath = /bin/sh;
			shellScript = "diff \"${PODS_PODFILE_DIR_PATH}/Podfile.lock\" \"${PODS_ROOT}/Manifest.lock\" > /dev/null\nif [ $? != 0 ] ; then\n    # print error to STDERR\n    echo \"error: The sandbox is not in sync with the Podfile.lock. Run 'pod install' or update your CocoaPods installation.\" >&2\n    exit 1\nfi\n";
			showEnvVarsInLog = 0;
		};
		396B6DDFE71073A32F1C5786 /* [CP] Copy Pods Resources */ = {
			isa = PBXShellScriptBuildPhase;
			buildActionMask = 2147483647;
			files = (
			);
			inputPaths = (
			);
			name = "[CP] Copy Pods Resources";
			outputPaths = (
			);
			runOnlyForDeploymentPostprocessing = 0;
			shellPath = /bin/sh;
			shellScript = "\"${SRCROOT}/Pods/Target Support Files/Pods-Kids2KidsTests/Pods-Kids2KidsTests-resources.sh\"\n";
			showEnvVarsInLog = 0;
		};
		6E52ED65723FF681A9C0130C /* [CP] Check Pods Manifest.lock */ = {
			isa = PBXShellScriptBuildPhase;
			buildActionMask = 2147483647;
			files = (
			);
			inputPaths = (
			);
			name = "[CP] Check Pods Manifest.lock";
			outputPaths = (
			);
			runOnlyForDeploymentPostprocessing = 0;
			shellPath = /bin/sh;
			shellScript = "diff \"${PODS_PODFILE_DIR_PATH}/Podfile.lock\" \"${PODS_ROOT}/Manifest.lock\" > /dev/null\nif [ $? != 0 ] ; then\n    # print error to STDERR\n    echo \"error: The sandbox is not in sync with the Podfile.lock. Run 'pod install' or update your CocoaPods installation.\" >&2\n    exit 1\nfi\n";
			showEnvVarsInLog = 0;
		};
		7269D8D9435EE8EFBBE899EA /* [CP] Embed Pods Frameworks */ = {
			isa = PBXShellScriptBuildPhase;
			buildActionMask = 2147483647;
			files = (
			);
			inputPaths = (
			);
			name = "[CP] Embed Pods Frameworks";
			outputPaths = (
			);
			runOnlyForDeploymentPostprocessing = 0;
			shellPath = /bin/sh;
			shellScript = "\"${SRCROOT}/Pods/Target Support Files/Pods-Kids2KidsUITests/Pods-Kids2KidsUITests-frameworks.sh\"\n";
			showEnvVarsInLog = 0;
		};
		806D269B17E2F0F9196D4B11 /* [CP] Copy Pods Resources */ = {
			isa = PBXShellScriptBuildPhase;
			buildActionMask = 2147483647;
			files = (
			);
			inputPaths = (
			);
			name = "[CP] Copy Pods Resources";
			outputPaths = (
			);
			runOnlyForDeploymentPostprocessing = 0;
			shellPath = /bin/sh;
			shellScript = "\"${SRCROOT}/Pods/Target Support Files/Pods-Kids2KidsUITests/Pods-Kids2KidsUITests-resources.sh\"\n";
			showEnvVarsInLog = 0;
		};
		807FA36FE5A02CE3A4C136D3 /* [CP] Check Pods Manifest.lock */ = {
			isa = PBXShellScriptBuildPhase;
			buildActionMask = 2147483647;
			files = (
			);
			inputPaths = (
			);
			name = "[CP] Check Pods Manifest.lock";
			outputPaths = (
			);
			runOnlyForDeploymentPostprocessing = 0;
			shellPath = /bin/sh;
			shellScript = "diff \"${PODS_PODFILE_DIR_PATH}/Podfile.lock\" \"${PODS_ROOT}/Manifest.lock\" > /dev/null\nif [ $? != 0 ] ; then\n    # print error to STDERR\n    echo \"error: The sandbox is not in sync with the Podfile.lock. Run 'pod install' or update your CocoaPods installation.\" >&2\n    exit 1\nfi\n";
			showEnvVarsInLog = 0;
		};
		9B20A7BC6529935AB0EB13C6 /* [CP] Embed Pods Frameworks */ = {
			isa = PBXShellScriptBuildPhase;
			buildActionMask = 2147483647;
			files = (
			);
			inputPaths = (
			);
			name = "[CP] Embed Pods Frameworks";
			outputPaths = (
			);
			runOnlyForDeploymentPostprocessing = 0;
			shellPath = /bin/sh;
			shellScript = "\"${SRCROOT}/Pods/Target Support Files/Pods-Kids2KidsTests/Pods-Kids2KidsTests-frameworks.sh\"\n";
			showEnvVarsInLog = 0;
		};
		9EA15ADDCD9FF162C578AA72 /* [CP] Embed Pods Frameworks */ = {
			isa = PBXShellScriptBuildPhase;
			buildActionMask = 2147483647;
			files = (
			);
			inputPaths = (
			);
			name = "[CP] Embed Pods Frameworks";
			outputPaths = (
			);
			runOnlyForDeploymentPostprocessing = 0;
			shellPath = /bin/sh;
			shellScript = "\"${SRCROOT}/Pods/Target Support Files/Pods-Kids2Kids/Pods-Kids2Kids-frameworks.sh\"\n";
			showEnvVarsInLog = 0;
		};
		A93FE33F6F4D286B3587F287 /* [CP] Copy Pods Resources */ = {
			isa = PBXShellScriptBuildPhase;
			buildActionMask = 2147483647;
			files = (
			);
			inputPaths = (
			);
			name = "[CP] Copy Pods Resources";
			outputPaths = (
			);
			runOnlyForDeploymentPostprocessing = 0;
			shellPath = /bin/sh;
			shellScript = "\"${SRCROOT}/Pods/Target Support Files/Pods-Kids2Kids/Pods-Kids2Kids-resources.sh\"\n";
			showEnvVarsInLog = 0;
		};
/* End PBXShellScriptBuildPhase section */

/* Begin PBXSourcesBuildPhase section */
		D25A6C771F1E8FE4005FAD33 /* Sources */ = {
			isa = PBXSourcesBuildPhase;
			buildActionMask = 2147483647;
			files = (
				D25A6CAF1F1E926F005FAD33 /* LoginViewController.swift in Sources */,
				D22331621F2B2D2100E90EE6 /* CustomColors.swift in Sources */,
				D223315A1F27365A00E90EE6 /* EventTableViewCell.swift in Sources */,
				D20F59E61F2210F700A47E8E /* ProjectsTableViewController.swift in Sources */,
				D20F59EC1F2211D300A47E8E /* Project.swift in Sources */,
				D25A6CB11F1E927E005FAD33 /* SignupViewController.swift in Sources */,
				D20F59E81F22113500A47E8E /* ProjectTableViewCell.swift in Sources */,
				D20F59EA1F22116900A47E8E /* ProjectDetailsViewController.swift in Sources */,
				D25A6CB91F1EA680005FAD33 /* ContactsViewController.swift in Sources */,
				D223315E1F28FB0A00E90EE6 /* EventDetailsViewController.swift in Sources */,
				D22331581F264D8000E90EE6 /* EventsTableViewController.swift in Sources */,
				D25A6C7F1F1E8FE4005FAD33 /* AppDelegate.swift in Sources */,
			);
			runOnlyForDeploymentPostprocessing = 0;
		};
		D25A6C8B1F1E8FE4005FAD33 /* Sources */ = {
			isa = PBXSourcesBuildPhase;
			buildActionMask = 2147483647;
			files = (
				D25A6C941F1E8FE4005FAD33 /* Kids2KidsTests.swift in Sources */,
			);
			runOnlyForDeploymentPostprocessing = 0;
		};
		D25A6C961F1E8FE4005FAD33 /* Sources */ = {
			isa = PBXSourcesBuildPhase;
			buildActionMask = 2147483647;
			files = (
				D25A6C9F1F1E8FE4005FAD33 /* Kids2KidsUITests.swift in Sources */,
			);
			runOnlyForDeploymentPostprocessing = 0;
		};
/* End PBXSourcesBuildPhase section */

/* Begin PBXTargetDependency section */
		D25A6C911F1E8FE4005FAD33 /* PBXTargetDependency */ = {
			isa = PBXTargetDependency;
			target = D25A6C7A1F1E8FE4005FAD33 /* Kids2Kids */;
			targetProxy = D25A6C901F1E8FE4005FAD33 /* PBXContainerItemProxy */;
		};
		D25A6C9C1F1E8FE4005FAD33 /* PBXTargetDependency */ = {
			isa = PBXTargetDependency;
			target = D25A6C7A1F1E8FE4005FAD33 /* Kids2Kids */;
			targetProxy = D25A6C9B1F1E8FE4005FAD33 /* PBXContainerItemProxy */;
		};
/* End PBXTargetDependency section */

/* Begin PBXVariantGroup section */
		D25A6C821F1E8FE4005FAD33 /* Main.storyboard */ = {
			isa = PBXVariantGroup;
			children = (
				D25A6C831F1E8FE4005FAD33 /* Base */,
			);
			name = Main.storyboard;
			sourceTree = "<group>";
		};
		D25A6C871F1E8FE4005FAD33 /* LaunchScreen.storyboard */ = {
			isa = PBXVariantGroup;
			children = (
				D25A6C881F1E8FE4005FAD33 /* Base */,
			);
			name = LaunchScreen.storyboard;
			sourceTree = "<group>";
		};
/* End PBXVariantGroup section */

/* Begin XCBuildConfiguration section */
		D25A6CA11F1E8FE4005FAD33 /* Debug */ = {
			isa = XCBuildConfiguration;
			buildSettings = {
				ALWAYS_SEARCH_USER_PATHS = NO;
				CLANG_ANALYZER_NONNULL = YES;
				CLANG_ANALYZER_NUMBER_OBJECT_CONVERSION = YES_AGGRESSIVE;
				CLANG_CXX_LANGUAGE_STANDARD = "gnu++0x";
				CLANG_CXX_LIBRARY = "libc++";
				CLANG_ENABLE_MODULES = YES;
				CLANG_ENABLE_OBJC_ARC = YES;
				CLANG_WARN_BOOL_CONVERSION = YES;
				CLANG_WARN_CONSTANT_CONVERSION = YES;
				CLANG_WARN_DIRECT_OBJC_ISA_USAGE = YES_ERROR;
				CLANG_WARN_DOCUMENTATION_COMMENTS = YES;
				CLANG_WARN_EMPTY_BODY = YES;
				CLANG_WARN_ENUM_CONVERSION = YES;
				CLANG_WARN_INFINITE_RECURSION = YES;
				CLANG_WARN_INT_CONVERSION = YES;
				CLANG_WARN_OBJC_ROOT_CLASS = YES_ERROR;
				CLANG_WARN_SUSPICIOUS_MOVE = YES;
				CLANG_WARN_UNREACHABLE_CODE = YES;
				CLANG_WARN__DUPLICATE_METHOD_MATCH = YES;
				"CODE_SIGN_IDENTITY[sdk=iphoneos*]" = "iPhone Developer";
				COPY_PHASE_STRIP = NO;
				DEBUG_INFORMATION_FORMAT = dwarf;
				ENABLE_STRICT_OBJC_MSGSEND = YES;
				ENABLE_TESTABILITY = YES;
				GCC_C_LANGUAGE_STANDARD = gnu99;
				GCC_DYNAMIC_NO_PIC = NO;
				GCC_NO_COMMON_BLOCKS = YES;
				GCC_OPTIMIZATION_LEVEL = 0;
				GCC_PREPROCESSOR_DEFINITIONS = (
					"DEBUG=1",
					"$(inherited)",
				);
				GCC_WARN_64_TO_32_BIT_CONVERSION = YES;
				GCC_WARN_ABOUT_RETURN_TYPE = YES_ERROR;
				GCC_WARN_UNDECLARED_SELECTOR = YES;
				GCC_WARN_UNINITIALIZED_AUTOS = YES_AGGRESSIVE;
				GCC_WARN_UNUSED_FUNCTION = YES;
				GCC_WARN_UNUSED_VARIABLE = YES;
				IPHONEOS_DEPLOYMENT_TARGET = 10.3;
				MTL_ENABLE_DEBUG_INFO = YES;
				ONLY_ACTIVE_ARCH = YES;
				SDKROOT = iphoneos;
				SWIFT_ACTIVE_COMPILATION_CONDITIONS = DEBUG;
				SWIFT_OPTIMIZATION_LEVEL = "-Onone";
				TARGETED_DEVICE_FAMILY = "1,2";
			};
			name = Debug;
		};
		D25A6CA21F1E8FE4005FAD33 /* Release */ = {
			isa = XCBuildConfiguration;
			buildSettings = {
				ALWAYS_SEARCH_USER_PATHS = NO;
				CLANG_ANALYZER_NONNULL = YES;
				CLANG_ANALYZER_NUMBER_OBJECT_CONVERSION = YES_AGGRESSIVE;
				CLANG_CXX_LANGUAGE_STANDARD = "gnu++0x";
				CLANG_CXX_LIBRARY = "libc++";
				CLANG_ENABLE_MODULES = YES;
				CLANG_ENABLE_OBJC_ARC = YES;
				CLANG_WARN_BOOL_CONVERSION = YES;
				CLANG_WARN_CONSTANT_CONVERSION = YES;
				CLANG_WARN_DIRECT_OBJC_ISA_USAGE = YES_ERROR;
				CLANG_WARN_DOCUMENTATION_COMMENTS = YES;
				CLANG_WARN_EMPTY_BODY = YES;
				CLANG_WARN_ENUM_CONVERSION = YES;
				CLANG_WARN_INFINITE_RECURSION = YES;
				CLANG_WARN_INT_CONVERSION = YES;
				CLANG_WARN_OBJC_ROOT_CLASS = YES_ERROR;
				CLANG_WARN_SUSPICIOUS_MOVE = YES;
				CLANG_WARN_UNREACHABLE_CODE = YES;
				CLANG_WARN__DUPLICATE_METHOD_MATCH = YES;
				"CODE_SIGN_IDENTITY[sdk=iphoneos*]" = "iPhone Developer";
				COPY_PHASE_STRIP = NO;
				DEBUG_INFORMATION_FORMAT = "dwarf-with-dsym";
				ENABLE_NS_ASSERTIONS = NO;
				ENABLE_STRICT_OBJC_MSGSEND = YES;
				GCC_C_LANGUAGE_STANDARD = gnu99;
				GCC_NO_COMMON_BLOCKS = YES;
				GCC_WARN_64_TO_32_BIT_CONVERSION = YES;
				GCC_WARN_ABOUT_RETURN_TYPE = YES_ERROR;
				GCC_WARN_UNDECLARED_SELECTOR = YES;
				GCC_WARN_UNINITIALIZED_AUTOS = YES_AGGRESSIVE;
				GCC_WARN_UNUSED_FUNCTION = YES;
				GCC_WARN_UNUSED_VARIABLE = YES;
				IPHONEOS_DEPLOYMENT_TARGET = 10.3;
				MTL_ENABLE_DEBUG_INFO = NO;
				SDKROOT = iphoneos;
				SWIFT_OPTIMIZATION_LEVEL = "-Owholemodule";
				TARGETED_DEVICE_FAMILY = "1,2";
				VALIDATE_PRODUCT = YES;
			};
			name = Release;
		};
		D25A6CA41F1E8FE4005FAD33 /* Debug */ = {
			isa = XCBuildConfiguration;
			baseConfigurationReference = E54B3BBD717D5AD5EE9DBAAA /* Pods-Kids2Kids.debug.xcconfig */;
			buildSettings = {
				ASSETCATALOG_COMPILER_APPICON_NAME = AppIcon;
				DEVELOPMENT_TEAM = 9QQKN39F5V;
				INFOPLIST_FILE = Kids2Kids/Info.plist;
				IPHONEOS_DEPLOYMENT_TARGET = 10.0;
				LD_RUNPATH_SEARCH_PATHS = "$(inherited) @executable_path/Frameworks";
				PRODUCT_BUNDLE_IDENTIFIER = AlexBraun.Kids2Kids;
				PRODUCT_NAME = "$(TARGET_NAME)";
				SWIFT_VERSION = 3.0;
			};
			name = Debug;
		};
		D25A6CA51F1E8FE4005FAD33 /* Release */ = {
			isa = XCBuildConfiguration;
			baseConfigurationReference = 7C699D6A023E96F1B235A20E /* Pods-Kids2Kids.release.xcconfig */;
			buildSettings = {
				ASSETCATALOG_COMPILER_APPICON_NAME = AppIcon;
				DEVELOPMENT_TEAM = 9QQKN39F5V;
				INFOPLIST_FILE = Kids2Kids/Info.plist;
				IPHONEOS_DEPLOYMENT_TARGET = 10.0;
				LD_RUNPATH_SEARCH_PATHS = "$(inherited) @executable_path/Frameworks";
				PRODUCT_BUNDLE_IDENTIFIER = AlexBraun.Kids2Kids;
				PRODUCT_NAME = "$(TARGET_NAME)";
				SWIFT_VERSION = 3.0;
			};
			name = Release;
		};
		D25A6CA71F1E8FE4005FAD33 /* Debug */ = {
			isa = XCBuildConfiguration;
			baseConfigurationReference = E6A70C77DE9D00E2ED141E2B /* Pods-Kids2KidsTests.debug.xcconfig */;
			buildSettings = {
				ALWAYS_EMBED_SWIFT_STANDARD_LIBRARIES = YES;
				BUNDLE_LOADER = "$(TEST_HOST)";
				DEVELOPMENT_TEAM = 9QQKN39F5V;
				INFOPLIST_FILE = Kids2KidsTests/Info.plist;
				LD_RUNPATH_SEARCH_PATHS = "$(inherited) @executable_path/Frameworks @loader_path/Frameworks";
				PRODUCT_BUNDLE_IDENTIFIER = AlexBraun.Kids2KidsTests;
				PRODUCT_NAME = "$(TARGET_NAME)";
				SWIFT_VERSION = 3.0;
				TEST_HOST = "$(BUILT_PRODUCTS_DIR)/Kids2Kids.app/Kids2Kids";
			};
			name = Debug;
		};
		D25A6CA81F1E8FE4005FAD33 /* Release */ = {
			isa = XCBuildConfiguration;
			baseConfigurationReference = 8FEC437DE14BF0C65777E5C1 /* Pods-Kids2KidsTests.release.xcconfig */;
			buildSettings = {
				ALWAYS_EMBED_SWIFT_STANDARD_LIBRARIES = YES;
				BUNDLE_LOADER = "$(TEST_HOST)";
				DEVELOPMENT_TEAM = 9QQKN39F5V;
				INFOPLIST_FILE = Kids2KidsTests/Info.plist;
				LD_RUNPATH_SEARCH_PATHS = "$(inherited) @executable_path/Frameworks @loader_path/Frameworks";
				PRODUCT_BUNDLE_IDENTIFIER = AlexBraun.Kids2KidsTests;
				PRODUCT_NAME = "$(TARGET_NAME)";
				SWIFT_VERSION = 3.0;
				TEST_HOST = "$(BUILT_PRODUCTS_DIR)/Kids2Kids.app/Kids2Kids";
			};
			name = Release;
		};
		D25A6CAA1F1E8FE4005FAD33 /* Debug */ = {
			isa = XCBuildConfiguration;
			baseConfigurationReference = 5F3D22DF3B80C3AD14B64E8F /* Pods-Kids2KidsUITests.debug.xcconfig */;
			buildSettings = {
				ALWAYS_EMBED_SWIFT_STANDARD_LIBRARIES = YES;
				DEVELOPMENT_TEAM = 9QQKN39F5V;
				INFOPLIST_FILE = Kids2KidsUITests/Info.plist;
				LD_RUNPATH_SEARCH_PATHS = "$(inherited) @executable_path/Frameworks @loader_path/Frameworks";
				PRODUCT_BUNDLE_IDENTIFIER = AlexBraun.Kids2KidsUITests;
				PRODUCT_NAME = "$(TARGET_NAME)";
				SWIFT_VERSION = 3.0;
				TEST_TARGET_NAME = Kids2Kids;
			};
			name = Debug;
		};
		D25A6CAB1F1E8FE4005FAD33 /* Release */ = {
			isa = XCBuildConfiguration;
			baseConfigurationReference = 102EA5CB0243041551B0B56D /* Pods-Kids2KidsUITests.release.xcconfig */;
			buildSettings = {
				ALWAYS_EMBED_SWIFT_STANDARD_LIBRARIES = YES;
				DEVELOPMENT_TEAM = 9QQKN39F5V;
				INFOPLIST_FILE = Kids2KidsUITests/Info.plist;
				LD_RUNPATH_SEARCH_PATHS = "$(inherited) @executable_path/Frameworks @loader_path/Frameworks";
				PRODUCT_BUNDLE_IDENTIFIER = AlexBraun.Kids2KidsUITests;
				PRODUCT_NAME = "$(TARGET_NAME)";
				SWIFT_VERSION = 3.0;
				TEST_TARGET_NAME = Kids2Kids;
			};
			name = Release;
		};
/* End XCBuildConfiguration section */

/* Begin XCConfigurationList section */
		D25A6C761F1E8FE4005FAD33 /* Build configuration list for PBXProject "Kids2Kids" */ = {
			isa = XCConfigurationList;
			buildConfigurations = (
				D25A6CA11F1E8FE4005FAD33 /* Debug */,
				D25A6CA21F1E8FE4005FAD33 /* Release */,
			);
			defaultConfigurationIsVisible = 0;
			defaultConfigurationName = Release;
		};
		D25A6CA31F1E8FE4005FAD33 /* Build configuration list for PBXNativeTarget "Kids2Kids" */ = {
			isa = XCConfigurationList;
			buildConfigurations = (
				D25A6CA41F1E8FE4005FAD33 /* Debug */,
				D25A6CA51F1E8FE4005FAD33 /* Release */,
			);
			defaultConfigurationIsVisible = 0;
			defaultConfigurationName = Release;
		};
		D25A6CA61F1E8FE4005FAD33 /* Build configuration list for PBXNativeTarget "Kids2KidsTests" */ = {
			isa = XCConfigurationList;
			buildConfigurations = (
				D25A6CA71F1E8FE4005FAD33 /* Debug */,
				D25A6CA81F1E8FE4005FAD33 /* Release */,
			);
			defaultConfigurationIsVisible = 0;
			defaultConfigurationName = Release;
		};
		D25A6CA91F1E8FE4005FAD33 /* Build configuration list for PBXNativeTarget "Kids2KidsUITests" */ = {
			isa = XCConfigurationList;
			buildConfigurations = (
				D25A6CAA1F1E8FE4005FAD33 /* Debug */,
				D25A6CAB1F1E8FE4005FAD33 /* Release */,
			);
			defaultConfigurationIsVisible = 0;
			defaultConfigurationName = Release;
		};
/* End XCConfigurationList section */
	};
	rootObject = D25A6C731F1E8FE4005FAD33 /* Project object */;
}
